
Microsoft Visual Studio Solution File, Format Version 12.00
# Visual Studio Version 17
VisualStudioVersion = 17.4.33213.308
MinimumVisualStudioVersion = 10.0.40219.1
Project("{FAE04EC0-301F-11D3-BF4B-00C04F79EFBC}") = "Vat", "Vat\Vat.csproj", "{E6BF62BE-9052-4BBA-A338-03BA71A195D1}"
EndProject
Global
	GlobalSection(SolutionConfigurationPlatforms) = preSolution
		Debug|Any CPU = Debug|Any CPU
		Release|Any CPU = Release|Any CPU
	EndGlobalSection
	GlobalSection(ProjectConfigurationPlatforms) = postSolution
		{E6BF62BE-9052-4BBA-A338-03BA71A195D1}.Debug|Any CPU.ActiveCfg = Debug|Any CPU
		{E6BF62BE-9052-4BBA-A338-03BA71A195D1}.Debug|Any CPU.Build.0 = Debug|Any CPU
		{E6BF62BE-9052-4BBA-A338-03BA71A195D1}.Release|Any CPU.ActiveCfg = Release|Any CPU
		{E6BF62BE-9052-4BBA-A338-03BA71A195D1}.Release|Any CPU.Build.0 = Release|Any CPU
	EndGlobalSection
	GlobalSection(SolutionProperties) = preSolution
		HideSolutionNode = FALSE
	EndGlobalSection
	GlobalSection(ExtensibilityGlobals) = postSolution
		SolutionGuid = {33A48EBB-3CA7-426E-9E1B-219EFF8483E9}
	EndGlobalSection
EndGlobal
